
Microsoft Visual Studio Solution File, Format Version 12.00
# Visual Studio Version 17
VisualStudioVersion = 17.9.34616.47
MinimumVisualStudioVersion = 10.0.40219.1
Project("{FAE04EC0-301F-11D3-BF4B-00C04F79EFBC}") = "Bankomat", "Bankomat\Bankomat.csproj", "{76272EF7-E0B8-40F9-80FA-CF918E171185}"
EndProject
Global
	GlobalSection(SolutionConfigurationPlatforms) = preSolution
		Debug|Any CPU = Debug|Any CPU
		Release|Any CPU = Release|Any CPU
	EndGlobalSection
	GlobalSection(ProjectConfigurationPlatforms) = postSolution
		{76272EF7-E0B8-40F9-80FA-CF918E171185}.Debug|Any CPU.ActiveCfg = Debug|Any CPU
		{76272EF7-E0B8-40F9-80FA-CF918E171185}.Debug|Any CPU.Build.0 = Debug|Any CPU
		{76272EF7-E0B8-40F9-80FA-CF918E171185}.Release|Any CPU.ActiveCfg = Release|Any CPU
		{76272EF7-E0B8-40F9-80FA-CF918E171185}.Release|Any CPU.Build.0 = Release|Any CPU
	EndGlobalSection
	GlobalSection(SolutionProperties) = preSolution
		HideSolutionNode = FALSE
	EndGlobalSection
	GlobalSection(ExtensibilityGlobals) = postSolution
		SolutionGuid = {9140B791-6745-466F-A9DD-20F71A875C5A}
	EndGlobalSection
EndGlobal
